{
  "name": "PetFinder",
  "lockfileVersion": 2,
  "requires": true,
  "packages": {
    "": {
      "dependencies": {
        "@vuelidate/core": "^2.0.0",
        "@vuelidate/validators": "^2.0.0",
        "google": "^0.6.0",
        "google-map": "^1.1.0",
        "google-maps": "^4.3.3",
        "vuelidate": "^0.7.7"
      }
    },
    "node_modules/@babel/parser": {
      "version": "7.20.1",
      "resolved": "https://registry.npmjs.org/@babel/parser/-/parser-7.20.1.tgz",
      "integrity": "sha512-hp0AYxaZJhxULfM1zyp7Wgr+pSUKBcP3M+PHnSzWGdXOzg/kHWIgiUWARvubhUKGOEw3xqY4x+lyZ9ytBVcELw==",
      "peer": true,
      "bin": {
        "parser": "bin/babel-parser.js"
      },
      "engines": {
        "node": ">=6.0.0"
      }
    },
    "node_modules/@types/googlemaps": {
      "version": "3.43.3",
      "resolved": "https://registry.npmjs.org/@types/googlemaps/-/googlemaps-3.43.3.tgz",
      "integrity": "sha512-ZWNoz/O8MPEpiajvj7QiqCY8tTLFNqNZ/a+s+zTV58wFVNAvvqV4bdGfnsjTb5Cs4V6wEsLrX8XRhmnyYJ2Tdg==",
      "deprecated": "Types for the Google Maps browser API have moved to @types/google.maps. Note: these types are not for the googlemaps npm package, which is a Node API."
    },
    "node_modules/@vue/compiler-core": {
      "version": "3.2.41",
      "resolved": "https://registry.npmjs.org/@vue/compiler-core/-/compiler-core-3.2.41.tgz",
      "integrity": "sha512-oA4mH6SA78DT+96/nsi4p9DX97PHcNROxs51lYk7gb9Z4BPKQ3Mh+BLn6CQZBw857Iuhu28BfMSRHAlPvD4vlw==",
      "peer": true,
      "dependencies": {
        "@babel/parser": "^7.16.4",
        "@vue/shared": "3.2.41",
        "estree-walker": "^2.0.2",
        "source-map": "^0.6.1"
      }
    },
    "node_modules/@vue/compiler-dom": {
      "version": "3.2.41",
      "resolved": "https://registry.npmjs.org/@vue/compiler-dom/-/compiler-dom-3.2.41.tgz",
      "integrity": "sha512-xe5TbbIsonjENxJsYRbDJvthzqxLNk+tb3d/c47zgREDa/PCp6/Y4gC/skM4H6PIuX5DAxm7fFJdbjjUH2QTMw==",
      "peer": true,
      "dependencies": {
        "@vue/compiler-core": "3.2.41",
        "@vue/shared": "3.2.41"
      }
    },
    "node_modules/@vue/compiler-sfc": {
      "version": "3.2.41",
      "resolved": "https://registry.npmjs.org/@vue/compiler-sfc/-/compiler-sfc-3.2.41.tgz",
      "integrity": "sha512-+1P2m5kxOeaxVmJNXnBskAn3BenbTmbxBxWOtBq3mQTCokIreuMULFantBUclP0+KnzNCMOvcnKinqQZmiOF8w==",
      "peer": true,
      "dependencies": {
        "@babel/parser": "^7.16.4",
        "@vue/compiler-core": "3.2.41",
        "@vue/compiler-dom": "3.2.41",
        "@vue/compiler-ssr": "3.2.41",
        "@vue/reactivity-transform": "3.2.41",
        "@vue/shared": "3.2.41",
        "estree-walker": "^2.0.2",
        "magic-string": "^0.25.7",
        "postcss": "^8.1.10",
        "source-map": "^0.6.1"
      }
    },
    "node_modules/@vue/compiler-ssr": {
      "version": "3.2.41",
      "resolved": "https://registry.npmjs.org/@vue/compiler-ssr/-/compiler-ssr-3.2.41.tgz",
      "integrity": "sha512-Y5wPiNIiaMz/sps8+DmhaKfDm1xgj6GrH99z4gq2LQenfVQcYXmHIOBcs5qPwl7jaW3SUQWjkAPKMfQemEQZwQ==",
      "peer": true,
      "dependencies": {
        "@vue/compiler-dom": "3.2.41",
        "@vue/shared": "3.2.41"
      }
    },
    "node_modules/@vue/reactivity": {
      "version": "3.2.41",
      "resolved": "https://registry.npmjs.org/@vue/reactivity/-/reactivity-3.2.41.tgz",
      "integrity": "sha512-9JvCnlj8uc5xRiQGZ28MKGjuCoPhhTwcoAdv3o31+cfGgonwdPNuvqAXLhlzu4zwqavFEG5tvaoINQEfxz+l6g==",
      "peer": true,
      "dependencies": {
        "@vue/shared": "3.2.41"
      }
    },
    "node_modules/@vue/reactivity-transform": {
      "version": "3.2.41",
      "resolved": "https://registry.npmjs.org/@vue/reactivity-transform/-/reactivity-transform-3.2.41.tgz",
      "integrity": "sha512-mK5+BNMsL4hHi+IR3Ft/ho6Za+L3FA5j8WvreJ7XzHrqkPq8jtF/SMo7tuc9gHjLDwKZX1nP1JQOKo9IEAn54A==",
      "peer": true,
      "dependencies": {
        "@babel/parser": "^7.16.4",
        "@vue/compiler-core": "3.2.41",
        "@vue/shared": "3.2.41",
        "estree-walker": "^2.0.2",
        "magic-string": "^0.25.7"
      }
    },
    "node_modules/@vue/runtime-core": {
      "version": "3.2.41",
      "resolved": "https://registry.npmjs.org/@vue/runtime-core/-/runtime-core-3.2.41.tgz",
      "integrity": "sha512-0LBBRwqnI0p4FgIkO9q2aJBBTKDSjzhnxrxHYengkAF6dMOjeAIZFDADAlcf2h3GDALWnblbeprYYpItiulSVQ==",
      "peer": true,
      "dependencies": {
        "@vue/reactivity": "3.2.41",
        "@vue/shared": "3.2.41"
      }
    },
    "node_modules/@vue/runtime-dom": {
      "version": "3.2.41",
      "resolved": "https://registry.npmjs.org/@vue/runtime-dom/-/runtime-dom-3.2.41.tgz",
      "integrity": "sha512-U7zYuR1NVIP8BL6jmOqmapRAHovEFp7CSw4pR2FacqewXNGqZaRfHoNLQsqQvVQ8yuZNZtxSZy0FFyC70YXPpA==",
      "peer": true,
      "dependencies": {
        "@vue/runtime-core": "3.2.41",
        "@vue/shared": "3.2.41",
        "csstype": "^2.6.8"
      }
    },
    "node_modules/@vue/server-renderer": {
      "version": "3.2.41",
      "resolved": "https://registry.npmjs.org/@vue/server-renderer/-/server-renderer-3.2.41.tgz",
      "integrity": "sha512-7YHLkfJdTlsZTV0ae5sPwl9Gn/EGr2hrlbcS/8naXm2CDpnKUwC68i1wGlrYAfIgYWL7vUZwk2GkYLQH5CvFig==",
      "peer": true,
      "dependencies": {
        "@vue/compiler-ssr": "3.2.41",
        "@vue/shared": "3.2.41"
      },
      "peerDependencies": {
        "vue": "3.2.41"
      }
    },
    "node_modules/@vue/shared": {
      "version": "3.2.41",
      "resolved": "https://registry.npmjs.org/@vue/shared/-/shared-3.2.41.tgz",
      "integrity": "sha512-W9mfWLHmJhkfAmV+7gDjcHeAWALQtgGT3JErxULl0oz6R6+3ug91I7IErs93eCFhPCZPHBs4QJS7YWEV7A3sxw==",
      "peer": true
    },
    "node_modules/@vuelidate/core": {
      "version": "2.0.0",
      "resolved": "https://registry.npmjs.org/@vuelidate/core/-/core-2.0.0.tgz",
      "integrity": "sha512-xIFgdQlScO0aaSZ0wTGPJh8YcTMNAj5veI8yPgiAyxOT+GV7vNQFiU1vpYWCL4cklkkhYvRRSC2OEX7YOZNmPQ==",
      "dependencies": {
        "vue-demi": "^0.13.11"
      },
      "peerDependencies": {
        "@vue/composition-api": "^1.0.0-rc.1",
        "vue": "^2.0.0 || >=3.0.0"
      },
      "peerDependenciesMeta": {
        "@vue/composition-api": {
          "optional": true
        }
      }
    },
    "node_modules/@vuelidate/validators": {
      "version": "2.0.0",
      "resolved": "https://registry.npmjs.org/@vuelidate/validators/-/validators-2.0.0.tgz",
      "integrity": "sha512-fQQcmDWfz7pyH5/JPi0Ng2GEgNK1pUHn/Z/j5rG/Q+HwhgIXvJblTPcZwKOj1ABL7V4UVuGKECvZCDHNGOwdrg==",
      "dependencies": {
        "vue-demi": "^0.13.11"
      },
      "peerDependencies": {
        "@vue/composition-api": "^1.0.0-rc.1",
        "vue": "^2.0.0 || >=3.0.0"
      },
      "peerDependenciesMeta": {
        "@vue/composition-api": {
          "optional": true
        }
      }
    },
    "node_modules/arguments-extended": {
      "version": "0.0.3",
      "resolved": "https://registry.npmjs.org/arguments-extended/-/arguments-extended-0.0.3.tgz",
      "integrity": "sha512-MNYdPKgCiywbgHAmNsYr1tSNLtfbSdwE1akZV+33hU9A8RG0lO5HAK9oMnw7y7bjYUhc04dJpcIBMUaPPYYtXg==",
      "dependencies": {
        "extended": "~0.0.3",
        "is-extended": "~0.0.8"
      }
    },
    "node_modules/array-extended": {
      "version": "0.0.11",
      "resolved": "https://registry.npmjs.org/array-extended/-/array-extended-0.0.11.tgz",
      "integrity": "sha512-Fe4Ti2YgM1onQgrcCD8dUhFuZgHQxzqylSl1C5IDJVVVqY5D07h8RghIXL9sZ6COZ0e+oTL5IusTv5eXABJ9Kw==",
      "dependencies": {
        "arguments-extended": "~0.0.3",
        "extended": "~0.0.3",
        "is-extended": "~0.0.3"
      }
    },
    "node_modules/boolbase": {
      "version": "1.0.0",
      "resolved": "https://registry.npmjs.org/boolbase/-/boolbase-1.0.0.tgz",
      "integrity": "sha512-JZOSA7Mo9sNGB8+UjSgzdLtokWAky1zbztM3WRLCbZ70/3cTANmQmOdR7y2g+J0e2WXywy1yS468tY+IruqEww=="
    },
    "node_modules/cheerio": {
      "version": "0.10.8",
      "resolved": "https://registry.npmjs.org/cheerio/-/cheerio-0.10.8.tgz",
      "integrity": "sha512-/rDdcRIPVkXblUMxhRe9r/sANqG5T7App+V3LJby4GkN+0PrWmFwpE1k4FfbFpiJAOAy7vxUzi4sNX5in0nL2w==",
      "dependencies": {
        "cheerio-select": "*",
        "entities": "0.x",
        "htmlparser2": "2.x",
        "underscore": "~1.4"
      },
      "engines": {
        "node": ">= 0.6"
      }
    },
    "node_modules/cheerio-select": {
      "version": "2.1.0",
      "resolved": "https://registry.npmjs.org/cheerio-select/-/cheerio-select-2.1.0.tgz",
      "integrity": "sha512-9v9kG0LvzrlcungtnJtpGNxY+fzECQKhK4EGJX2vByejiMX84MFNQw4UxPJl3bFbTMw+Dfs37XaIkCwTZfLh4g==",
      "dependencies": {
        "boolbase": "^1.0.0",
        "css-select": "^5.1.0",
        "css-what": "^6.1.0",
        "domelementtype": "^2.3.0",
        "domhandler": "^5.0.3",
        "domutils": "^3.0.1"
      },
      "funding": {
        "url": "https://github.com/sponsors/fb55"
      }
    },
    "node_modules/commander": {
      "version": "1.1.1",
      "resolved": "https://registry.npmjs.org/commander/-/commander-1.1.1.tgz",
      "integrity": "sha512-71Rod2AhcH3JhkBikVpNd0pA+fWsmAaVoti6OR38T76chA7vE3pSerS0Jor4wDw+tOueD2zLVvFOw5H0Rcj7rA==",
      "dependencies": {
        "keypress": "0.1.x"
      },
      "engines": {
        "node": ">= 0.6.x"
      }
    },
    "node_modules/css-select": {
      "version": "5.1.0",
      "resolved": "https://registry.npmjs.org/css-select/-/css-select-5.1.0.tgz",
      "integrity": "sha512-nwoRF1rvRRnnCqqY7updORDsuqKzqYJ28+oSMaJMMgOauh3fvwHqMS7EZpIPqK8GL+g9mKxF1vP/ZjSeNjEVHg==",
      "dependencies": {
        "boolbase": "^1.0.0",
        "css-what": "^6.1.0",
        "domhandler": "^5.0.2",
        "domutils": "^3.0.1",
        "nth-check": "^2.0.1"
      },
      "funding": {
        "url": "https://github.com/sponsors/fb55"
      }
    },
    "node_modules/css-what": {
      "version": "6.1.0",
      "resolved": "https://registry.npmjs.org/css-what/-/css-what-6.1.0.tgz",
      "integrity": "sha512-HTUrgRJ7r4dsZKU6GjmpfRK1O76h97Z8MfS1G0FozR+oF2kG6Vfe8JE6zwrkbxigziPHinCJ+gCPjA9EaBDtRw==",
      "engines": {
        "node": ">= 6"
      },
      "funding": {
        "url": "https://github.com/sponsors/fb55"
      }
    },
    "node_modules/csstype": {
      "version": "2.6.21",
      "resolved": "https://registry.npmjs.org/csstype/-/csstype-2.6.21.tgz",
      "integrity": "sha512-Z1PhmomIfypOpoMjRQB70jfvy/wxT50qW08YXO5lMIJkrdq4yOTR+AW7FqutScmB9NkLwxo+jU+kZLbofZZq/w==",
      "peer": true
    },
    "node_modules/date-extended": {
      "version": "0.0.6",
      "resolved": "https://registry.npmjs.org/date-extended/-/date-extended-0.0.6.tgz",
      "integrity": "sha512-v9a2QLTVn1GQGXf02TQaSvNfeXA/V1FL2Tr0OQYqjI5+L9T5jEtCpLYG01sxFk+m1OtwMxydkKa8NKcflANAoQ==",
      "dependencies": {
        "array-extended": "~0.0.3",
        "extended": "~0.0.3",
        "is-extended": "~0.0.3"
      }
    },
    "node_modules/declare.js": {
      "version": "0.0.8",
      "resolved": "https://registry.npmjs.org/declare.js/-/declare.js-0.0.8.tgz",
      "integrity": "sha512-O659hy1gcHef7JnwtqdQlrj2c5DAEgtxm8pgFXofW7eUE1L4FjsSLlziovWcrOJAOFlEPaOJshY+0hBWCG/AnA=="
    },
    "node_modules/dom-serializer": {
      "version": "2.0.0",
      "resolved": "https://registry.npmjs.org/dom-serializer/-/dom-serializer-2.0.0.tgz",
      "integrity": "sha512-wIkAryiqt/nV5EQKqQpo3SToSOV9J0DnbJqwK7Wv/Trc92zIAYZ4FlMu+JPFW1DfGFt81ZTCGgDEabffXeLyJg==",
      "dependencies": {
        "domelementtype": "^2.3.0",
        "domhandler": "^5.0.2",
        "entities": "^4.2.0"
      },
      "funding": {
        "url": "https://github.com/cheeriojs/dom-serializer?sponsor=1"
      }
    },
    "node_modules/dom-serializer/node_modules/entities": {
      "version": "4.4.0",
      "resolved": "https://registry.npmjs.org/entities/-/entities-4.4.0.tgz",
      "integrity": "sha512-oYp7156SP8LkeGD0GF85ad1X9Ai79WtRsZ2gxJqtBuzH+98YUV6jkHEKlZkMbcrjJjIVJNIDP/3WL9wQkoPbWA==",
      "engines": {
        "node": ">=0.12"
      },
      "funding": {
        "url": "https://github.com/fb55/entities?sponsor=1"
      }
    },
    "node_modules/domelementtype": {
      "version": "2.3.0",
      "resolved": "https://registry.npmjs.org/domelementtype/-/domelementtype-2.3.0.tgz",
      "integrity": "sha512-OLETBj6w0OsagBwdXnPdN0cnMfF9opN69co+7ZrbfPGrdpPVNBUj02spi6B1N7wChLQiPn4CSH/zJvXw56gmHw==",
      "funding": [
        {
          "type": "github",
          "url": "https://github.com/sponsors/fb55"
        }
      ]
    },
    "node_modules/domhandler": {
      "version": "5.0.3",
      "resolved": "https://registry.npmjs.org/domhandler/-/domhandler-5.0.3.tgz",
      "integrity": "sha512-cgwlv/1iFQiFnU96XXgROh8xTeetsnJiDsTc7TYCLFd9+/WNkIqPTxiM/8pSd8VIrhXGTf1Ny1q1hquVqDJB5w==",
      "dependencies": {
        "domelementtype": "^2.3.0"
      },
      "engines": {
        "node": ">= 4"
      },
      "funding": {
        "url": "https://github.com/fb55/domhandler?sponsor=1"
      }
    },
    "node_modules/domutils": {
      "version": "3.0.1",
      "resolved": "https://registry.npmjs.org/domutils/-/domutils-3.0.1.tgz",
      "integrity": "sha512-z08c1l761iKhDFtfXO04C7kTdPBLi41zwOZl00WS8b5eiaebNpY00HKbztwBq+e3vyqWNwWF3mP9YLUeqIrF+Q==",
      "dependencies": {
        "dom-serializer": "^2.0.0",
        "domelementtype": "^2.3.0",
        "domhandler": "^5.0.1"
      },
      "funding": {
        "url": "https://github.com/fb55/domutils?sponsor=1"
      }
    },
    "node_modules/entities": {
      "version": "0.5.0",
      "resolved": "https://registry.npmjs.org/entities/-/entities-0.5.0.tgz",
      "integrity": "sha512-T5XQtlzuW+PfeSsGp3uryfYQof820zYbnUnUDEkwUVIAfgYeixIN16c4jh8gs0SqJUTGLU0XD6QsvjEPbmdwzQ=="
    },
    "node_modules/estree-walker": {
      "version": "2.0.2",
      "resolved": "https://registry.npmjs.org/estree-walker/-/estree-walker-2.0.2.tgz",
      "integrity": "sha512-Rfkk/Mp/DL7JVje3u18FxFujQlTNR2q6QfMSMB7AvCBx91NGj/ba3kCfza0f6dVDbw7YlRf/nDrn7pQrCCyQ/w==",
      "peer": true
    },
    "node_modules/extended": {
      "version": "0.0.6",
      "resolved": "https://registry.npmjs.org/extended/-/extended-0.0.6.tgz",
      "integrity": "sha512-rvAV3BDGsV1SYGzUOu7aO0k82quhfl0QAyZudYhAcTeIr1rPbBnyOhOlkCLwLpDfP7HyKAWAPNSjRb9p7lE3rg==",
      "dependencies": {
        "extender": "~0.0.5"
      }
    },
    "node_modules/extender": {
      "version": "0.0.10",
      "resolved": "https://registry.npmjs.org/extender/-/extender-0.0.10.tgz",
      "integrity": "sha512-iPLUHZJaNW6RuOShQX33ZpewEUIlijFBcsXnKWyiYERKWPsFxfKgx8J0xRz29hKQWPFFPACgBW6cHM7Ke1pfaA==",
      "dependencies": {
        "declare.js": "~0.0.4"
      }
    },
    "node_modules/fast-csv": {
      "version": "0.5.7",
      "resolved": "https://registry.npmjs.org/fast-csv/-/fast-csv-0.5.7.tgz",
      "integrity": "sha512-iYXCBiYQI+7qh5nSTPxzbkQlc1usEq+RfEKvQWVQ8v03ZD0qt2zT000q7fcdO6ImRE69xY4uD8xaBJawuRe7ng==",
      "dependencies": {
        "extended": "0.0.6",
        "is-extended": "0.0.10",
        "object-extended": "0.0.7",
        "string-extended": "0.0.8"
      },
      "engines": {
        "node": ">=0.10"
      }
    },
    "node_modules/google": {
      "version": "0.6.0",
      "resolved": "https://registry.npmjs.org/google/-/google-0.6.0.tgz",
      "integrity": "sha512-YBIO4+v5ooBejfYqeEGrjeS5uSxJssOsJsuwZPrABgdOb72S2X9yx27krbMXBOGsQF0s136XOJdFNkPXPgF9sg==",
      "dependencies": {
        "cheerio": "~0.10.8",
        "commander": "~1.1.1",
        "fast-csv": "~0.5.2",
        "request": "2.12.x"
      },
      "bin": {
        "google": "bin/google"
      }
    },
    "node_modules/google-map": {
      "version": "1.1.0",
      "resolved": "https://registry.npmjs.org/google-map/-/google-map-1.1.0.tgz",
      "integrity": "sha512-bdw1JnxonvFF5SjwuCgWm4DhA0A5n3QnElDo1IlukQsH8JEWz0qVSMf5hlvJRCSKvcZlc/L97hKV2qqBtCLohg=="
    },
    "node_modules/google-maps": {
      "version": "4.3.3",
      "resolved": "https://registry.npmjs.org/google-maps/-/google-maps-4.3.3.tgz",
      "integrity": "sha512-MQbEgBNQbGyV7mfS2tlFgW4EoGKLia24BvAl4a+kgsYWt4283kyPpaay/yKIsScQLr7nSUONaLNfOdMsCuJDEw==",
      "dependencies": {
        "@types/googlemaps": "^3.39.1"
      }
    },
    "node_modules/htmlparser2": {
      "version": "2.6.0",
      "resolved": "https://registry.npmjs.org/htmlparser2/-/htmlparser2-2.6.0.tgz",
      "integrity": "sha512-oR9aps3hDZdU0whPlDjz4HdafpcZclpjrUOwPqDldr+WDubEnVerBNP8I0Wy0VIZO5Mxq/4yALDOYZTWf5Jtog==",
      "dependencies": {
        "domelementtype": "1",
        "domhandler": "2.0",
        "domutils": "1.0"
      }
    },
    "node_modules/htmlparser2/node_modules/domelementtype": {
      "version": "1.3.1",
      "resolved": "https://registry.npmjs.org/domelementtype/-/domelementtype-1.3.1.tgz",
      "integrity": "sha512-BSKB+TSpMpFI/HOxCNr1O8aMOTZ8hT3pM3GQ0w/mWRmkhEDSFJkkyzz4XQsBV44BChwGkrDfMyjVD0eA2aFV3w=="
    },
    "node_modules/htmlparser2/node_modules/domhandler": {
      "version": "2.0.3",
      "resolved": "https://registry.npmjs.org/domhandler/-/domhandler-2.0.3.tgz",
      "integrity": "sha512-D8+qeCUo6LpYvBZsmXWunDJ9zOD8mVg6EwZIdgxmnT+xGWRsReF/TwsZ5EzlIJDipxlE6qJh1dXt9oeplGN3Bg==",
      "dependencies": {
        "domelementtype": "1"
      }
    },
    "node_modules/htmlparser2/node_modules/domutils": {
      "version": "1.0.1",
      "resolved": "https://registry.npmjs.org/domutils/-/domutils-1.0.1.tgz",
      "integrity": "sha512-EtnpDnVNvVaRBHmc5PV2lGHlgic4IjrYgS1f3U/M7CjihJIKfsJFvwj6JfAjr7f7wNDcloq3rOb08xAiL622gA==",
      "dependencies": {
        "domelementtype": "1"
      }
    },
    "node_modules/is-extended": {
      "version": "0.0.10",
      "resolved": "https://registry.npmjs.org/is-extended/-/is-extended-0.0.10.tgz",
      "integrity": "sha512-qp+HR+L9QXbgFurvqiVgD+JiGyUboRgICNzCXmbiLtZBFVSNFbxRsI4q7Be9mCWTO5PoO1IxoWp5sl+j5b83FA==",
      "dependencies": {
        "extended": "~0.0.3"
      }
    },
    "node_modules/keypress": {
      "version": "0.1.0",
      "resolved": "https://registry.npmjs.org/keypress/-/keypress-0.1.0.tgz",
      "integrity": "sha512-x0yf9PL/nx9Nw9oLL8ZVErFAk85/lslwEP7Vz7s5SI1ODXZIgit3C5qyWjw4DxOuO/3Hb4866SQh28a1V1d+WA=="
    },
    "node_modules/magic-string": {
      "version": "0.25.9",
      "resolved": "https://registry.npmjs.org/magic-string/-/magic-string-0.25.9.tgz",
      "integrity": "sha512-RmF0AsMzgt25qzqqLc1+MbHmhdx0ojF2Fvs4XnOqz2ZOBXzzkEwc/dJQZCYHAn7v1jbVOjAZfK8msRn4BxO4VQ==",
      "peer": true,
      "dependencies": {
        "sourcemap-codec": "^1.4.8"
      }
    },
    "node_modules/nanoid": {
      "version": "3.3.4",
      "resolved": "https://registry.npmjs.org/nanoid/-/nanoid-3.3.4.tgz",
      "integrity": "sha512-MqBkQh/OHTS2egovRtLk45wEyNXwF+cokD+1YPf9u5VfJiRdAiRwB2froX5Co9Rh20xs4siNPm8naNotSD6RBw==",
      "peer": true,
      "bin": {
        "nanoid": "bin/nanoid.cjs"
      },
      "engines": {
        "node": "^10 || ^12 || ^13.7 || ^14 || >=15.0.1"
      }
    },
    "node_modules/nth-check": {
      "version": "2.1.1",
      "resolved": "https://registry.npmjs.org/nth-check/-/nth-check-2.1.1.tgz",
      "integrity": "sha512-lqjrjmaOoAnWfMmBPL+XNnynZh2+swxiX3WUE0s4yEHI6m+AwrK2UZOimIRl3X/4QctVqS8AiZjFqyOGrMXb/w==",
      "dependencies": {
        "boolbase": "^1.0.0"
      },
      "funding": {
        "url": "https://github.com/fb55/nth-check?sponsor=1"
      }
    },
    "node_modules/object-extended": {
      "version": "0.0.7",
      "resolved": "https://registry.npmjs.org/object-extended/-/object-extended-0.0.7.tgz",
      "integrity": "sha512-2LJYIacEXoZ1glGkAZuvA/4pfJM4Y1ShReAo9jWpBSuz89TiUCdiPqhGJJ6m97F3WjhCSRwrbgaxYEAm9dRYBw==",
      "dependencies": {
        "array-extended": "~0.0.4",
        "extended": "~0.0.3",
        "is-extended": "~0.0.3"
      }
    },
    "node_modules/picocolors": {
      "version": "1.0.0",
      "resolved": "https://registry.npmjs.org/picocolors/-/picocolors-1.0.0.tgz",
      "integrity": "sha512-1fygroTLlHu66zi26VoTDv8yRgm0Fccecssto+MhsZ0D/DGW2sm8E8AjW7NU5VVTRt5GxbeZ5qBuJr+HyLYkjQ==",
      "peer": true
    },
    "node_modules/postcss": {
      "version": "8.4.18",
      "resolved": "https://registry.npmjs.org/postcss/-/postcss-8.4.18.tgz",
      "integrity": "sha512-Wi8mWhncLJm11GATDaQKobXSNEYGUHeQLiQqDFG1qQ5UTDPTEvKw0Xt5NsTpktGTwLps3ByrWsBrG0rB8YQ9oA==",
      "funding": [
        {
          "type": "opencollective",
          "url": "https://opencollective.com/postcss/"
        },
        {
          "type": "tidelift",
          "url": "https://tidelift.com/funding/github/npm/postcss"
        }
      ],
      "peer": true,
      "dependencies": {
        "nanoid": "^3.3.4",
        "picocolors": "^1.0.0",
        "source-map-js": "^1.0.2"
      },
      "engines": {
        "node": "^10 || ^12 || >=14"
      }
    },
    "node_modules/request": {
      "version": "2.12.0",
      "resolved": "https://registry.npmjs.org/request/-/request-2.12.0.tgz",
      "integrity": "sha512-GcOI9NyUw2lRke4kdbrjQFxu+cLugShENHvcb9QCSLLc/yH3lP7I/7RESxVbYS+AxC/r9rwzks52MRHVoZdb5w==",
      "bundleDependencies": [
        "form-data",
        "mime"
      ],
      "deprecated": "request has been deprecated, see https://github.com/request/request/issues/3142",
      "engines": [
        "node >= 0.3.6"
      ],
      "dependencies": {
        "form-data": "~0.0.3",
        "mime": "~1.2.7"
      }
    },
    "node_modules/request/node_modules/form-data": {
      "version": "0.0.3",
      "inBundle": true,
      "dependencies": {
        "async": "~0.1.9",
        "combined-stream": "0.0.3",
        "mime": "~1.2.2"
      },
      "engines": {
        "node": "*"
      }
    },
    "node_modules/request/node_modules/form-data/node_modules/async": {
      "version": "0.1.9",
      "inBundle": true,
      "engines": {
        "node": "*"
      }
    },
    "node_modules/request/node_modules/form-data/node_modules/combined-stream": {
      "version": "0.0.3",
      "inBundle": true,
      "dependencies": {
        "delayed-stream": "0.0.5"
      },
      "engines": {
        "node": "*"
      }
    },
    "node_modules/request/node_modules/form-data/node_modules/combined-stream/node_modules/delayed-stream": {
      "version": "0.0.5",
      "inBundle": true,
      "engines": {
        "node": ">=0.4.0"
      }
    },
    "node_modules/request/node_modules/mime": {
      "version": "1.2.7",
      "inBundle": true,
      "engines": {
        "node": "*"
      }
    },
    "node_modules/source-map": {
      "version": "0.6.1",
      "resolved": "https://registry.npmjs.org/source-map/-/source-map-0.6.1.tgz",
      "integrity": "sha512-UjgapumWlbMhkBgzT7Ykc5YXUT46F0iKu8SGXq0bcwP5dz/h0Plj6enJqjz1Zbq2l5WaqYnrVbwWOWMyF3F47g==",
      "peer": true,
      "engines": {
        "node": ">=0.10.0"
      }
    },
    "node_modules/source-map-js": {
      "version": "1.0.2",
      "resolved": "https://registry.npmjs.org/source-map-js/-/source-map-js-1.0.2.tgz",
      "integrity": "sha512-R0XvVJ9WusLiqTCEiGCmICCMplcCkIwwR11mOSD9CR5u+IXYdiseeEuXCVAjS54zqwkLcPNnmU4OeJ6tUrWhDw==",
      "peer": true,
      "engines": {
        "node": ">=0.10.0"
      }
    },
    "node_modules/sourcemap-codec": {
      "version": "1.4.8",
      "resolved": "https://registry.npmjs.org/sourcemap-codec/-/sourcemap-codec-1.4.8.tgz",
      "integrity": "sha512-9NykojV5Uih4lgo5So5dtw+f0JgJX30KCNI8gwhz2J9A15wD0Ml6tjHKwf6fTSa6fAdVBdZeNOs9eJ71qCk8vA==",
      "peer": true
    },
    "node_modules/string-extended": {
      "version": "0.0.8",
      "resolved": "https://registry.npmjs.org/string-extended/-/string-extended-0.0.8.tgz",
      "integrity": "sha512-CK46p3AxBvBhJbBi6WrF9bCcaWH20E4NwlLSzpooG2nXWvcP2gy2YR8VN6fSwZyrbcvL4S4zoNKbR0QG52X4rw==",
      "dependencies": {
        "array-extended": "~0.0.5",
        "date-extended": "~0.0.3",
        "extended": "~0.0.3",
        "is-extended": "~0.0.3"
      }
    },
    "node_modules/underscore": {
      "version": "1.4.4",
      "resolved": "https://registry.npmjs.org/underscore/-/underscore-1.4.4.tgz",
      "integrity": "sha512-ZqGrAgaqqZM7LGRzNjLnw5elevWb5M8LEoDMadxIW3OWbcv72wMMgKdwOKpd5Fqxe8choLD8HN3iSj3TUh/giQ=="
    },
    "node_modules/vue": {
      "version": "3.2.41",
      "resolved": "https://registry.npmjs.org/vue/-/vue-3.2.41.tgz",
      "integrity": "sha512-uuuvnrDXEeZ9VUPljgHkqB5IaVO8SxhPpqF2eWOukVrBnRBx2THPSGQBnVRt0GrIG1gvCmFXMGbd7FqcT1ixNQ==",
      "peer": true,
      "dependencies": {
        "@vue/compiler-dom": "3.2.41",
        "@vue/compiler-sfc": "3.2.41",
        "@vue/runtime-dom": "3.2.41",
        "@vue/server-renderer": "3.2.41",
        "@vue/shared": "3.2.41"
      }
    },
    "node_modules/vue-demi": {
      "version": "0.13.11",
      "resolved": "https://registry.npmjs.org/vue-demi/-/vue-demi-0.13.11.tgz",
      "integrity": "sha512-IR8HoEEGM65YY3ZJYAjMlKygDQn25D5ajNFNoKh9RSDMQtlzCxtfQjdQgv9jjK+m3377SsJXY8ysq8kLCZL25A==",
      "hasInstallScript": true,
      "bin": {
        "vue-demi-fix": "bin/vue-demi-fix.js",
        "vue-demi-switch": "bin/vue-demi-switch.js"
      },
      "engines": {
        "node": ">=12"
      },
      "funding": {
        "url": "https://github.com/sponsors/antfu"
      },
      "peerDependencies": {
        "@vue/composition-api": "^1.0.0-rc.1",
        "vue": "^3.0.0-0 || ^2.6.0"
      },
      "peerDependenciesMeta": {
        "@vue/composition-api": {
          "optional": true
        }
      }
    },
    "node_modules/vuelidate": {
      "version": "0.7.7",
      "resolved": "https://registry.npmjs.org/vuelidate/-/vuelidate-0.7.7.tgz",
      "integrity": "sha512-pT/U2lDI67wkIqI4tum7cMSIfGcAMfB+Phtqh2ttdXURwvHRBJEAQ0tVbUsW9Upg83Q5QH59bnCoXI7A9JDGnA==",
      "engines": {
        "node": ">= 4.0.0",
        "npm": ">= 3.0.0"
      }
    }
  },
  "dependencies": {
    "@babel/parser": {
      "version": "7.20.1",
      "resolved": "https://registry.npmjs.org/@babel/parser/-/parser-7.20.1.tgz",
      "integrity": "sha512-hp0AYxaZJhxULfM1zyp7Wgr+pSUKBcP3M+PHnSzWGdXOzg/kHWIgiUWARvubhUKGOEw3xqY4x+lyZ9ytBVcELw==",
      "peer": true
    },
    "@types/googlemaps": {
      "version": "3.43.3",
      "resolved": "https://registry.npmjs.org/@types/googlemaps/-/googlemaps-3.43.3.tgz",
      "integrity": "sha512-ZWNoz/O8MPEpiajvj7QiqCY8tTLFNqNZ/a+s+zTV58wFVNAvvqV4bdGfnsjTb5Cs4V6wEsLrX8XRhmnyYJ2Tdg=="
    },
    "@vue/compiler-core": {
      "version": "3.2.41",
      "resolved": "https://registry.npmjs.org/@vue/compiler-core/-/compiler-core-3.2.41.tgz",
      "integrity": "sha512-oA4mH6SA78DT+96/nsi4p9DX97PHcNROxs51lYk7gb9Z4BPKQ3Mh+BLn6CQZBw857Iuhu28BfMSRHAlPvD4vlw==",
      "peer": true,
      "requires": {
        "@babel/parser": "^7.16.4",
        "@vue/shared": "3.2.41",
        "estree-walker": "^2.0.2",
        "source-map": "^0.6.1"
      }
    },
    "@vue/compiler-dom": {
      "version": "3.2.41",
      "resolved": "https://registry.npmjs.org/@vue/compiler-dom/-/compiler-dom-3.2.41.tgz",
      "integrity": "sha512-xe5TbbIsonjENxJsYRbDJvthzqxLNk+tb3d/c47zgREDa/PCp6/Y4gC/skM4H6PIuX5DAxm7fFJdbjjUH2QTMw==",
      "peer": true,
      "requires": {
        "@vue/compiler-core": "3.2.41",
        "@vue/shared": "3.2.41"
      }
    },
    "@vue/compiler-sfc": {
      "version": "3.2.41",
      "resolved": "https://registry.npmjs.org/@vue/compiler-sfc/-/compiler-sfc-3.2.41.tgz",
      "integrity": "sha512-+1P2m5kxOeaxVmJNXnBskAn3BenbTmbxBxWOtBq3mQTCokIreuMULFantBUclP0+KnzNCMOvcnKinqQZmiOF8w==",
      "peer": true,
      "requires": {
        "@babel/parser": "^7.16.4",
        "@vue/compiler-core": "3.2.41",
        "@vue/compiler-dom": "3.2.41",
        "@vue/compiler-ssr": "3.2.41",
        "@vue/reactivity-transform": "3.2.41",
        "@vue/shared": "3.2.41",
        "estree-walker": "^2.0.2",
        "magic-string": "^0.25.7",
        "postcss": "^8.1.10",
        "source-map": "^0.6.1"
      }
    },
    "@vue/compiler-ssr": {
      "version": "3.2.41",
      "resolved": "https://registry.npmjs.org/@vue/compiler-ssr/-/compiler-ssr-3.2.41.tgz",
      "integrity": "sha512-Y5wPiNIiaMz/sps8+DmhaKfDm1xgj6GrH99z4gq2LQenfVQcYXmHIOBcs5qPwl7jaW3SUQWjkAPKMfQemEQZwQ==",
      "peer": true,
      "requires": {
        "@vue/compiler-dom": "3.2.41",
        "@vue/shared": "3.2.41"
      }
    },
    "@vue/reactivity": {
      "version": "3.2.41",
      "resolved": "https://registry.npmjs.org/@vue/reactivity/-/reactivity-3.2.41.tgz",
      "integrity": "sha512-9JvCnlj8uc5xRiQGZ28MKGjuCoPhhTwcoAdv3o31+cfGgonwdPNuvqAXLhlzu4zwqavFEG5tvaoINQEfxz+l6g==",
      "peer": true,
      "requires": {
        "@vue/shared": "3.2.41"
      }
    },
    "@vue/reactivity-transform": {
      "version": "3.2.41",
      "resolved": "https://registry.npmjs.org/@vue/reactivity-transform/-/reactivity-transform-3.2.41.tgz",
      "integrity": "sha512-mK5+BNMsL4hHi+IR3Ft/ho6Za+L3FA5j8WvreJ7XzHrqkPq8jtF/SMo7tuc9gHjLDwKZX1nP1JQOKo9IEAn54A==",
      "peer": true,
      "requires": {
        "@babel/parser": "^7.16.4",
        "@vue/compiler-core": "3.2.41",
        "@vue/shared": "3.2.41",
        "estree-walker": "^2.0.2",
        "magic-string": "^0.25.7"
      }
    },
    "@vue/runtime-core": {
      "version": "3.2.41",
      "resolved": "https://registry.npmjs.org/@vue/runtime-core/-/runtime-core-3.2.41.tgz",
      "integrity": "sha512-0LBBRwqnI0p4FgIkO9q2aJBBTKDSjzhnxrxHYengkAF6dMOjeAIZFDADAlcf2h3GDALWnblbeprYYpItiulSVQ==",
      "peer": true,
      "requires": {
        "@vue/reactivity": "3.2.41",
        "@vue/shared": "3.2.41"
      }
    },
    "@vue/runtime-dom": {
      "version": "3.2.41",
      "resolved": "https://registry.npmjs.org/@vue/runtime-dom/-/runtime-dom-3.2.41.tgz",
      "integrity": "sha512-U7zYuR1NVIP8BL6jmOqmapRAHovEFp7CSw4pR2FacqewXNGqZaRfHoNLQsqQvVQ8yuZNZtxSZy0FFyC70YXPpA==",
      "peer": true,
      "requires": {
        "@vue/runtime-core": "3.2.41",
        "@vue/shared": "3.2.41",
        "csstype": "^2.6.8"
      }
    },
    "@vue/server-renderer": {
      "version": "3.2.41",
      "resolved": "https://registry.npmjs.org/@vue/server-renderer/-/server-renderer-3.2.41.tgz",
      "integrity": "sha512-7YHLkfJdTlsZTV0ae5sPwl9Gn/EGr2hrlbcS/8naXm2CDpnKUwC68i1wGlrYAfIgYWL7vUZwk2GkYLQH5CvFig==",
      "peer": true,
      "requires": {
        "@vue/compiler-ssr": "3.2.41",
        "@vue/shared": "3.2.41"
      }
    },
    "@vue/shared": {
      "version": "3.2.41",
      "resolved": "https://registry.npmjs.org/@vue/shared/-/shared-3.2.41.tgz",
      "integrity": "sha512-W9mfWLHmJhkfAmV+7gDjcHeAWALQtgGT3JErxULl0oz6R6+3ug91I7IErs93eCFhPCZPHBs4QJS7YWEV7A3sxw==",
      "peer": true
    },
    "@vuelidate/core": {
      "version": "2.0.0",
      "resolved": "https://registry.npmjs.org/@vuelidate/core/-/core-2.0.0.tgz",
      "integrity": "sha512-xIFgdQlScO0aaSZ0wTGPJh8YcTMNAj5veI8yPgiAyxOT+GV7vNQFiU1vpYWCL4cklkkhYvRRSC2OEX7YOZNmPQ==",
      "requires": {
        "vue-demi": "^0.13.11"
      }
    },
    "@vuelidate/validators": {
      "version": "2.0.0",
      "resolved": "https://registry.npmjs.org/@vuelidate/validators/-/validators-2.0.0.tgz",
      "integrity": "sha512-fQQcmDWfz7pyH5/JPi0Ng2GEgNK1pUHn/Z/j5rG/Q+HwhgIXvJblTPcZwKOj1ABL7V4UVuGKECvZCDHNGOwdrg==",
      "requires": {
        "vue-demi": "^0.13.11"
      }
    },
    "arguments-extended": {
      "version": "0.0.3",
      "resolved": "https://registry.npmjs.org/arguments-extended/-/arguments-extended-0.0.3.tgz",
      "integrity": "sha512-MNYdPKgCiywbgHAmNsYr1tSNLtfbSdwE1akZV+33hU9A8RG0lO5HAK9oMnw7y7bjYUhc04dJpcIBMUaPPYYtXg==",
      "requires": {
        "extended": "~0.0.3",
        "is-extended": "~0.0.8"
      }
    },
    "array-extended": {
      "version": "0.0.11",
      "resolved": "https://registry.npmjs.org/array-extended/-/array-extended-0.0.11.tgz",
      "integrity": "sha512-Fe4Ti2YgM1onQgrcCD8dUhFuZgHQxzqylSl1C5IDJVVVqY5D07h8RghIXL9sZ6COZ0e+oTL5IusTv5eXABJ9Kw==",
      "requires": {
        "arguments-extended": "~0.0.3",
        "extended": "~0.0.3",
        "is-extended": "~0.0.3"
      }
    },
    "boolbase": {
      "version": "1.0.0",
      "resolved": "https://registry.npmjs.org/boolbase/-/boolbase-1.0.0.tgz",
      "integrity": "sha512-JZOSA7Mo9sNGB8+UjSgzdLtokWAky1zbztM3WRLCbZ70/3cTANmQmOdR7y2g+J0e2WXywy1yS468tY+IruqEww=="
    },
    "cheerio": {
      "version": "0.10.8",
      "resolved": "https://registry.npmjs.org/cheerio/-/cheerio-0.10.8.tgz",
      "integrity": "sha512-/rDdcRIPVkXblUMxhRe9r/sANqG5T7App+V3LJby4GkN+0PrWmFwpE1k4FfbFpiJAOAy7vxUzi4sNX5in0nL2w==",
      "requires": {
        "cheerio-select": "*",
        "entities": "0.x",
        "htmlparser2": "2.x",
        "underscore": "~1.4"
      }
    },
    "cheerio-select": {
      "version": "2.1.0",
      "resolved": "https://registry.npmjs.org/cheerio-select/-/cheerio-select-2.1.0.tgz",
      "integrity": "sha512-9v9kG0LvzrlcungtnJtpGNxY+fzECQKhK4EGJX2vByejiMX84MFNQw4UxPJl3bFbTMw+Dfs37XaIkCwTZfLh4g==",
      "requires": {
        "boolbase": "^1.0.0",
        "css-select": "^5.1.0",
        "css-what": "^6.1.0",
        "domelementtype": "^2.3.0",
        "domhandler": "^5.0.3",
        "domutils": "^3.0.1"
      }
    },
    "commander": {
      "version": "1.1.1",
      "resolved": "https://registry.npmjs.org/commander/-/commander-1.1.1.tgz",
      "integrity": "sha512-71Rod2AhcH3JhkBikVpNd0pA+fWsmAaVoti6OR38T76chA7vE3pSerS0Jor4wDw+tOueD2zLVvFOw5H0Rcj7rA==",
      "requires": {
        "keypress": "0.1.x"
      }
    },
    "css-select": {
      "version": "5.1.0",
      "resolved": "https://registry.npmjs.org/css-select/-/css-select-5.1.0.tgz",
      "integrity": "sha512-nwoRF1rvRRnnCqqY7updORDsuqKzqYJ28+oSMaJMMgOauh3fvwHqMS7EZpIPqK8GL+g9mKxF1vP/ZjSeNjEVHg==",
      "requires": {
        "boolbase": "^1.0.0",
        "css-what": "^6.1.0",
        "domhandler": "^5.0.2",
        "domutils": "^3.0.1",
        "nth-check": "^2.0.1"
      }
    },
    "css-what": {
      "version": "6.1.0",
      "resolved": "https://registry.npmjs.org/css-what/-/css-what-6.1.0.tgz",
      "integrity": "sha512-HTUrgRJ7r4dsZKU6GjmpfRK1O76h97Z8MfS1G0FozR+oF2kG6Vfe8JE6zwrkbxigziPHinCJ+gCPjA9EaBDtRw=="
    },
    "csstype": {
      "version": "2.6.21",
      "resolved": "https://registry.npmjs.org/csstype/-/csstype-2.6.21.tgz",
      "integrity": "sha512-Z1PhmomIfypOpoMjRQB70jfvy/wxT50qW08YXO5lMIJkrdq4yOTR+AW7FqutScmB9NkLwxo+jU+kZLbofZZq/w==",
      "peer": true
    },
    "date-extended": {
      "version": "0.0.6",
      "resolved": "https://registry.npmjs.org/date-extended/-/date-extended-0.0.6.tgz",
      "integrity": "sha512-v9a2QLTVn1GQGXf02TQaSvNfeXA/V1FL2Tr0OQYqjI5+L9T5jEtCpLYG01sxFk+m1OtwMxydkKa8NKcflANAoQ==",
      "requires": {
        "array-extended": "~0.0.3",
        "extended": "~0.0.3",
        "is-extended": "~0.0.3"
      }
    },
    "declare.js": {
      "version": "0.0.8",
      "resolved": "https://registry.npmjs.org/declare.js/-/declare.js-0.0.8.tgz",
      "integrity": "sha512-O659hy1gcHef7JnwtqdQlrj2c5DAEgtxm8pgFXofW7eUE1L4FjsSLlziovWcrOJAOFlEPaOJshY+0hBWCG/AnA=="
    },
    "dom-serializer": {
      "version": "2.0.0",
      "resolved": "https://registry.npmjs.org/dom-serializer/-/dom-serializer-2.0.0.tgz",
      "integrity": "sha512-wIkAryiqt/nV5EQKqQpo3SToSOV9J0DnbJqwK7Wv/Trc92zIAYZ4FlMu+JPFW1DfGFt81ZTCGgDEabffXeLyJg==",
      "requires": {
        "domelementtype": "^2.3.0",
        "domhandler": "^5.0.2",
        "entities": "^4.2.0"
      },
      "dependencies": {
        "entities": {
          "version": "4.4.0",
          "resolved": "https://registry.npmjs.org/entities/-/entities-4.4.0.tgz",
          "integrity": "sha512-oYp7156SP8LkeGD0GF85ad1X9Ai79WtRsZ2gxJqtBuzH+98YUV6jkHEKlZkMbcrjJjIVJNIDP/3WL9wQkoPbWA=="
        }
      }
    },
    "domelementtype": {
      "version": "2.3.0",
      "resolved": "https://registry.npmjs.org/domelementtype/-/domelementtype-2.3.0.tgz",
      "integrity": "sha512-OLETBj6w0OsagBwdXnPdN0cnMfF9opN69co+7ZrbfPGrdpPVNBUj02spi6B1N7wChLQiPn4CSH/zJvXw56gmHw=="
    },
    "domhandler": {
      "version": "5.0.3",
      "resolved": "https://registry.npmjs.org/domhandler/-/domhandler-5.0.3.tgz",
      "integrity": "sha512-cgwlv/1iFQiFnU96XXgROh8xTeetsnJiDsTc7TYCLFd9+/WNkIqPTxiM/8pSd8VIrhXGTf1Ny1q1hquVqDJB5w==",
      "requires": {
        "domelementtype": "^2.3.0"
      }
    },
    "domutils": {
      "version": "3.0.1",
      "resolved": "https://registry.npmjs.org/domutils/-/domutils-3.0.1.tgz",
      "integrity": "sha512-z08c1l761iKhDFtfXO04C7kTdPBLi41zwOZl00WS8b5eiaebNpY00HKbztwBq+e3vyqWNwWF3mP9YLUeqIrF+Q==",
      "requires": {
        "dom-serializer": "^2.0.0",
        "domelementtype": "^2.3.0",
        "domhandler": "^5.0.1"
      }
    },
    "entities": {
      "version": "0.5.0",
      "resolved": "https://registry.npmjs.org/entities/-/entities-0.5.0.tgz",
      "integrity": "sha512-T5XQtlzuW+PfeSsGp3uryfYQof820zYbnUnUDEkwUVIAfgYeixIN16c4jh8gs0SqJUTGLU0XD6QsvjEPbmdwzQ=="
    },
    "estree-walker": {
      "version": "2.0.2",
      "resolved": "https://registry.npmjs.org/estree-walker/-/estree-walker-2.0.2.tgz",
      "integrity": "sha512-Rfkk/Mp/DL7JVje3u18FxFujQlTNR2q6QfMSMB7AvCBx91NGj/ba3kCfza0f6dVDbw7YlRf/nDrn7pQrCCyQ/w==",
      "peer": true
    },
    "extended": {
      "version": "0.0.6",
      "resolved": "https://registry.npmjs.org/extended/-/extended-0.0.6.tgz",
      "integrity": "sha512-rvAV3BDGsV1SYGzUOu7aO0k82quhfl0QAyZudYhAcTeIr1rPbBnyOhOlkCLwLpDfP7HyKAWAPNSjRb9p7lE3rg==",
      "requires": {
        "extender": "~0.0.5"
      }
    },
    "extender": {
      "version": "0.0.10",
      "resolved": "https://registry.npmjs.org/extender/-/extender-0.0.10.tgz",
      "integrity": "sha512-iPLUHZJaNW6RuOShQX33ZpewEUIlijFBcsXnKWyiYERKWPsFxfKgx8J0xRz29hKQWPFFPACgBW6cHM7Ke1pfaA==",
      "requires": {
        "declare.js": "~0.0.4"
      }
    },
    "fast-csv": {
      "version": "0.5.7",
      "resolved": "https://registry.npmjs.org/fast-csv/-/fast-csv-0.5.7.tgz",
      "integrity": "sha512-iYXCBiYQI+7qh5nSTPxzbkQlc1usEq+RfEKvQWVQ8v03ZD0qt2zT000q7fcdO6ImRE69xY4uD8xaBJawuRe7ng==",
      "requires": {
        "extended": "0.0.6",
        "is-extended": "0.0.10",
        "object-extended": "0.0.7",
        "string-extended": "0.0.8"
      }
    },
    "google": {
      "version": "0.6.0",
      "resolved": "https://registry.npmjs.org/google/-/google-0.6.0.tgz",
      "integrity": "sha512-YBIO4+v5ooBejfYqeEGrjeS5uSxJssOsJsuwZPrABgdOb72S2X9yx27krbMXBOGsQF0s136XOJdFNkPXPgF9sg==",
      "requires": {
        "cheerio": "~0.10.8",
        "commander": "~1.1.1",
        "fast-csv": "~0.5.2",
        "request": "2.12.x"
      }
    },
    "google-map": {
      "version": "1.1.0",
      "resolved": "https://registry.npmjs.org/google-map/-/google-map-1.1.0.tgz",
      "integrity": "sha512-bdw1JnxonvFF5SjwuCgWm4DhA0A5n3QnElDo1IlukQsH8JEWz0qVSMf5hlvJRCSKvcZlc/L97hKV2qqBtCLohg=="
    },
    "google-maps": {
      "version": "4.3.3",
      "resolved": "https://registry.npmjs.org/google-maps/-/google-maps-4.3.3.tgz",
      "integrity": "sha512-MQbEgBNQbGyV7mfS2tlFgW4EoGKLia24BvAl4a+kgsYWt4283kyPpaay/yKIsScQLr7nSUONaLNfOdMsCuJDEw==",
      "requires": {
        "@types/googlemaps": "^3.39.1"
      }
    },
    "htmlparser2": {
      "version": "2.6.0",
      "resolved": "https://registry.npmjs.org/htmlparser2/-/htmlparser2-2.6.0.tgz",
      "integrity": "sha512-oR9aps3hDZdU0whPlDjz4HdafpcZclpjrUOwPqDldr+WDubEnVerBNP8I0Wy0VIZO5Mxq/4yALDOYZTWf5Jtog==",
      "requires": {
        "domelementtype": "1",
        "domhandler": "2.0",
        "domutils": "1.0"
      },
      "dependencies": {
        "domelementtype": {
          "version": "1.3.1",
          "resolved": "https://registry.npmjs.org/domelementtype/-/domelementtype-1.3.1.tgz",
          "integrity": "sha512-BSKB+TSpMpFI/HOxCNr1O8aMOTZ8hT3pM3GQ0w/mWRmkhEDSFJkkyzz4XQsBV44BChwGkrDfMyjVD0eA2aFV3w=="
        },
        "domhandler": {
          "version": "2.0.3",
          "resolved": "https://registry.npmjs.org/domhandler/-/domhandler-2.0.3.tgz",
          "integrity": "sha512-D8+qeCUo6LpYvBZsmXWunDJ9zOD8mVg6EwZIdgxmnT+xGWRsReF/TwsZ5EzlIJDipxlE6qJh1dXt9oeplGN3Bg==",
          "requires": {
            "domelementtype": "1"
          }
        },
        "domutils": {
          "version": "1.0.1",
          "resolved": "https://registry.npmjs.org/domutils/-/domutils-1.0.1.tgz",
          "integrity": "sha512-EtnpDnVNvVaRBHmc5PV2lGHlgic4IjrYgS1f3U/M7CjihJIKfsJFvwj6JfAjr7f7wNDcloq3rOb08xAiL622gA==",
          "requires": {
            "domelementtype": "1"
          }
        }
      }
    },
    "is-extended": {
      "version": "0.0.10",
      "resolved": "https://registry.npmjs.org/is-extended/-/is-extended-0.0.10.tgz",
      "integrity": "sha512-qp+HR+L9QXbgFurvqiVgD+JiGyUboRgICNzCXmbiLtZBFVSNFbxRsI4q7Be9mCWTO5PoO1IxoWp5sl+j5b83FA==",
      "requires": {
        "extended": "~0.0.3"
      }
    },
    "keypress": {
      "version": "0.1.0",
      "resolved": "https://registry.npmjs.org/keypress/-/keypress-0.1.0.tgz",
      "integrity": "sha512-x0yf9PL/nx9Nw9oLL8ZVErFAk85/lslwEP7Vz7s5SI1ODXZIgit3C5qyWjw4DxOuO/3Hb4866SQh28a1V1d+WA=="
    },
    "magic-string": {
      "version": "0.25.9",
      "resolved": "https://registry.npmjs.org/magic-string/-/magic-string-0.25.9.tgz",
      "integrity": "sha512-RmF0AsMzgt25qzqqLc1+MbHmhdx0ojF2Fvs4XnOqz2ZOBXzzkEwc/dJQZCYHAn7v1jbVOjAZfK8msRn4BxO4VQ==",
      "peer": true,
      "requires": {
        "sourcemap-codec": "^1.4.8"
      }
    },
    "nanoid": {
      "version": "3.3.4",
      "resolved": "https://registry.npmjs.org/nanoid/-/nanoid-3.3.4.tgz",
      "integrity": "sha512-MqBkQh/OHTS2egovRtLk45wEyNXwF+cokD+1YPf9u5VfJiRdAiRwB2froX5Co9Rh20xs4siNPm8naNotSD6RBw==",
      "peer": true
    },
    "nth-check": {
      "version": "2.1.1",
      "resolved": "https://registry.npmjs.org/nth-check/-/nth-check-2.1.1.tgz",
      "integrity": "sha512-lqjrjmaOoAnWfMmBPL+XNnynZh2+swxiX3WUE0s4yEHI6m+AwrK2UZOimIRl3X/4QctVqS8AiZjFqyOGrMXb/w==",
      "requires": {
        "boolbase": "^1.0.0"
      }
    },
    "object-extended": {
      "version": "0.0.7",
      "resolved": "https://registry.npmjs.org/object-extended/-/object-extended-0.0.7.tgz",
      "integrity": "sha512-2LJYIacEXoZ1glGkAZuvA/4pfJM4Y1ShReAo9jWpBSuz89TiUCdiPqhGJJ6m97F3WjhCSRwrbgaxYEAm9dRYBw==",
      "requires": {
        "array-extended": "~0.0.4",
        "extended": "~0.0.3",
        "is-extended": "~0.0.3"
      }
    },
    "picocolors": {
      "version": "1.0.0",
      "resolved": "https://registry.npmjs.org/picocolors/-/picocolors-1.0.0.tgz",
      "integrity": "sha512-1fygroTLlHu66zi26VoTDv8yRgm0Fccecssto+MhsZ0D/DGW2sm8E8AjW7NU5VVTRt5GxbeZ5qBuJr+HyLYkjQ==",
      "peer": true
    },
    "postcss": {
      "version": "8.4.18",
      "resolved": "https://registry.npmjs.org/postcss/-/postcss-8.4.18.tgz",
      "integrity": "sha512-Wi8mWhncLJm11GATDaQKobXSNEYGUHeQLiQqDFG1qQ5UTDPTEvKw0Xt5NsTpktGTwLps3ByrWsBrG0rB8YQ9oA==",
      "peer": true,
      "requires": {
        "nanoid": "^3.3.4",
        "picocolors": "^1.0.0",
        "source-map-js": "^1.0.2"
      }
    },
    "request": {
      "version": "2.12.0",
      "resolved": "https://registry.npmjs.org/request/-/request-2.12.0.tgz",
      "integrity": "sha512-GcOI9NyUw2lRke4kdbrjQFxu+cLugShENHvcb9QCSLLc/yH3lP7I/7RESxVbYS+AxC/r9rwzks52MRHVoZdb5w==",
      "requires": {
        "form-data": "~0.0.3",
        "mime": "~1.2.7"
      },
      "dependencies": {
        "form-data": {
          "version": "0.0.3",
          "bundled": true,
          "requires": {
            "async": "~0.1.9",
            "combined-stream": "0.0.3",
            "mime": "~1.2.2"
          },
          "dependencies": {
            "async": {
              "version": "0.1.9",
              "bundled": true
            },
            "combined-stream": {
              "version": "0.0.3",
              "bundled": true,
              "requires": {
                "delayed-stream": "0.0.5"
              },
              "dependencies": {
                "delayed-stream": {
                  "version": "0.0.5",
                  "bundled": true
                }
              }
            }
          }
        },
        "mime": {
          "version": "1.2.7",
          "bundled": true
        }
      }
    },
    "source-map": {
      "version": "0.6.1",
      "resolved": "https://registry.npmjs.org/source-map/-/source-map-0.6.1.tgz",
      "integrity": "sha512-UjgapumWlbMhkBgzT7Ykc5YXUT46F0iKu8SGXq0bcwP5dz/h0Plj6enJqjz1Zbq2l5WaqYnrVbwWOWMyF3F47g==",
      "peer": true
    },
    "source-map-js": {
      "version": "1.0.2",
      "resolved": "https://registry.npmjs.org/source-map-js/-/source-map-js-1.0.2.tgz",
      "integrity": "sha512-R0XvVJ9WusLiqTCEiGCmICCMplcCkIwwR11mOSD9CR5u+IXYdiseeEuXCVAjS54zqwkLcPNnmU4OeJ6tUrWhDw==",
      "peer": true
    },
    "sourcemap-codec": {
      "version": "1.4.8",
      "resolved": "https://registry.npmjs.org/sourcemap-codec/-/sourcemap-codec-1.4.8.tgz",
      "integrity": "sha512-9NykojV5Uih4lgo5So5dtw+f0JgJX30KCNI8gwhz2J9A15wD0Ml6tjHKwf6fTSa6fAdVBdZeNOs9eJ71qCk8vA==",
      "peer": true
    },
    "string-extended": {
      "version": "0.0.8",
      "resolved": "https://registry.npmjs.org/string-extended/-/string-extended-0.0.8.tgz",
      "integrity": "sha512-CK46p3AxBvBhJbBi6WrF9bCcaWH20E4NwlLSzpooG2nXWvcP2gy2YR8VN6fSwZyrbcvL4S4zoNKbR0QG52X4rw==",
      "requires": {
        "array-extended": "~0.0.5",
        "date-extended": "~0.0.3",
        "extended": "~0.0.3",
        "is-extended": "~0.0.3"
      }
    },
    "underscore": {
      "version": "1.4.4",
      "resolved": "https://registry.npmjs.org/underscore/-/underscore-1.4.4.tgz",
      "integrity": "sha512-ZqGrAgaqqZM7LGRzNjLnw5elevWb5M8LEoDMadxIW3OWbcv72wMMgKdwOKpd5Fqxe8choLD8HN3iSj3TUh/giQ=="
    },
    "vue": {
      "version": "3.2.41",
      "resolved": "https://registry.npmjs.org/vue/-/vue-3.2.41.tgz",
      "integrity": "sha512-uuuvnrDXEeZ9VUPljgHkqB5IaVO8SxhPpqF2eWOukVrBnRBx2THPSGQBnVRt0GrIG1gvCmFXMGbd7FqcT1ixNQ==",
      "peer": true,
      "requires": {
        "@vue/compiler-dom": "3.2.41",
        "@vue/compiler-sfc": "3.2.41",
        "@vue/runtime-dom": "3.2.41",
        "@vue/server-renderer": "3.2.41",
        "@vue/shared": "3.2.41"
      }
    },
    "vue-demi": {
      "version": "0.13.11",
      "resolved": "https://registry.npmjs.org/vue-demi/-/vue-demi-0.13.11.tgz",
      "integrity": "sha512-IR8HoEEGM65YY3ZJYAjMlKygDQn25D5ajNFNoKh9RSDMQtlzCxtfQjdQgv9jjK+m3377SsJXY8ysq8kLCZL25A==",
      "requires": {}
    },
    "vuelidate": {
      "version": "0.7.7",
      "resolved": "https://registry.npmjs.org/vuelidate/-/vuelidate-0.7.7.tgz",
      "integrity": "sha512-pT/U2lDI67wkIqI4tum7cMSIfGcAMfB+Phtqh2ttdXURwvHRBJEAQ0tVbUsW9Upg83Q5QH59bnCoXI7A9JDGnA=="
    }
  }
}
